
Microsoft Visual Studio Solution File, Format Version 12.00
# Visual Studio Version 17
VisualStudioVersion = 17.10.35027.167
MinimumVisualStudioVersion = 10.0.40219.1
Project("{FAE04EC0-301F-11D3-BF4B-00C04F79EFBC}") = "Onboarding", "Onboarding\Onboarding.csproj", "{BD142F7A-0E7A-4645-9C3A-983D792CCADD}"
EndProject
Global
	GlobalSection(SolutionConfigurationPlatforms) = preSolution
		Debug|Any CPU = Debug|Any CPU
		Release|Any CPU = Release|Any CPU
	EndGlobalSection
	GlobalSection(ProjectConfigurationPlatforms) = postSolution
		{BD142F7A-0E7A-4645-9C3A-983D792CCADD}.Debug|Any CPU.ActiveCfg = Debug|Any CPU
		{BD142F7A-0E7A-4645-9C3A-983D792CCADD}.Debug|Any CPU.Build.0 = Debug|Any CPU
		{BD142F7A-0E7A-4645-9C3A-983D792CCADD}.Debug|Any CPU.Deploy.0 = Debug|Any CPU
		{BD142F7A-0E7A-4645-9C3A-983D792CCADD}.Release|Any CPU.ActiveCfg = Release|Any CPU
		{BD142F7A-0E7A-4645-9C3A-983D792CCADD}.Release|Any CPU.Build.0 = Release|Any CPU
		{BD142F7A-0E7A-4645-9C3A-983D792CCADD}.Release|Any CPU.Deploy.0 = Release|Any CPU
	EndGlobalSection
	GlobalSection(SolutionProperties) = preSolution
		HideSolutionNode = FALSE
	EndGlobalSection
	GlobalSection(ExtensibilityGlobals) = postSolution
		SolutionGuid = {1A1368A0-F044-4810-9387-2EB73799A76D}
	EndGlobalSection
EndGlobal
